// !$*UTF8*$!
{
	archiveVersion = 1;
	classes = {
	};
	objectVersion = 50;
	objects = {

/* Begin PBXBuildFile section */
		4963684C2101F9B7003CE20B /* AppDelegate.swift in Sources */ = {isa = PBXBuildFile; fileRef = 4963684B2101F9B7003CE20B /* AppDelegate.swift */; };
		4963684E2101F9B7003CE20B /* ViewController.swift in Sources */ = {isa = PBXBuildFile; fileRef = 4963684D2101F9B7003CE20B /* ViewController.swift */; };
		496368512101F9B7003CE20B /* Main.storyboard in Resources */ = {isa = PBXBuildFile; fileRef = 4963684F2101F9B7003CE20B /* Main.storyboard */; };
		496368532101F9B7003CE20B /* Assets.xcassets in Resources */ = {isa = PBXBuildFile; fileRef = 496368522101F9B7003CE20B /* Assets.xcassets */; };
		496368562101F9B7003CE20B /* LaunchScreen.storyboard in Resources */ = {isa = PBXBuildFile; fileRef = 496368542101F9B7003CE20B /* LaunchScreen.storyboard */; };
		496368612101F9B8003CE20B /* GitTutorialTests.swift in Sources */ = {isa = PBXBuildFile; fileRef = 496368602101F9B8003CE20B /* GitTutorialTests.swift */; };
		4963686C2101F9B8003CE20B /* GitTutorialUITests.swift in Sources */ = {isa = PBXBuildFile; fileRef = 4963686B2101F9B8003CE20B /* GitTutorialUITests.swift */; };
/* End PBXBuildFile section */

/* Begin PBXContainerItemProxy section */
		4963685D2101F9B8003CE20B /* PBXContainerItemProxy */ = {
			isa = PBXContainerItemProxy;
			containerPortal = 496368402101F9B7003CE20B /* Project object */;
			proxyType = 1;
			remoteGlobalIDString = 496368472101F9B7003CE20B;
			remoteInfo = GitTutorial;
		};
		496368682101F9B8003CE20B /* PBXContainerItemProxy */ = {
			isa = PBXContainerItemProxy;
			containerPortal = 496368402101F9B7003CE20B /* Project object */;
			proxyType = 1;
			remoteGlobalIDString = 496368472101F9B7003CE20B;
			remoteInfo = GitTutorial;
		};
/* End PBXContainerItemProxy section */

/* Begin PBXFileReference section */
		496368482101F9B7003CE20B /* GitTutorial.app */ = {isa = PBXFileReference; explicitFileType = wrapper.application; includeInIndex = 0; path = GitTutorial.app; sourceTree = BUILT_PRODUCTS_DIR; };
		4963684B2101F9B7003CE20B /* AppDelegate.swift */ = {isa = PBXFileReference; lastKnownFileType = sourcecode.swift; path = AppDelegate.swift; sourceTree = "<group>"; };
		4963684D2101F9B7003CE20B /* ViewController.swift */ = {isa = PBXFileReference; lastKnownFileType = sourcecode.swift; path = ViewController.swift; sourceTree = "<group>"; };
		496368502101F9B7003CE20B /* Base */ = {isa = PBXFileReference; lastKnownFileType = file.storyboard; name = Base; path = Base.lproj/Main.storyboard; sourceTree = "<group>"; };
		496368522101F9B7003CE20B /* Assets.xcassets */ = {isa = PBXFileReference; lastKnownFileType = folder.assetcatalog; path = Assets.xcassets; sourceTree = "<group>"; };
		496368552101F9B7003CE20B /* Base */ = {isa = PBXFileReference; lastKnownFileType = file.storyboard; name = Base; path = Base.lproj/LaunchScreen.storyboard; sourceTree = "<group>"; };
		496368572101F9B7003CE20B /* Info.plist */ = {isa = PBXFileReference; lastKnownFileType = text.plist.xml; path = Info.plist; sourceTree = "<group>"; };
		4963685C2101F9B8003CE20B /* GitTutorialTests.xctest */ = {isa = PBXFileReference; explicitFileType = wrapper.cfbundle; includeInIndex = 0; path = GitTutorialTests.xctest; sourceTree = BUILT_PRODUCTS_DIR; };
		496368602101F9B8003CE20B /* GitTutorialTests.swift */ = {isa = PBXFileReference; lastKnownFileType = sourcecode.swift; path = GitTutorialTests.swift; sourceTree = "<group>"; };
		496368622101F9B8003CE20B /* Info.plist */ = {isa = PBXFileReference; lastKnownFileType = text.plist.xml; path = Info.plist; sourceTree = "<group>"; };
		496368672101F9B8003CE20B /* GitTutorialUITests.xctest */ = {isa = PBXFileReference; explicitFileType = wrapper.cfbundle; includeInIndex = 0; path = GitTutorialUITests.xctest; sourceTree = BUILT_PRODUCTS_DIR; };
		4963686B2101F9B8003CE20B /* GitTutorialUITests.swift */ = {isa = PBXFileReference; lastKnownFileType = sourcecode.swift; path = GitTutorialUITests.swift; sourceTree = "<group>"; };
		4963686D2101F9B8003CE20B /* Info.plist */ = {isa = PBXFileReference; lastKnownFileType = text.plist.xml; path = Info.plist; sourceTree = "<group>"; };
/* End PBXFileReference section */

/* Begin PBXFrameworksBuildPhase section */
		496368452101F9B7003CE20B /* Frameworks */ = {
			isa = PBXFrameworksBuildPhase;
			buildActionMask = 2147483647;
			files = (
			);
			runOnlyForDeploymentPostprocessing = 0;
		};
		496368592101F9B8003CE20B /* Frameworks */ = {
			isa = PBXFrameworksBuildPhase;
			buildActionMask = 2147483647;
			files = (
			);
			runOnlyForDeploymentPostprocessing = 0;
		};
		496368642101F9B8003CE20B /* Frameworks */ = {
			isa = PBXFrameworksBuildPhase;
			buildActionMask = 2147483647;
			files = (
			);
			runOnlyForDeploymentPostprocessing = 0;
		};
/* End PBXFrameworksBuildPhase section */

/* Begin PBXGroup section */
		4963683F2101F9B7003CE20B = {
			isa = PBXGroup;
			children = (
				4963684A2101F9B7003CE20B /* GitTutorial */,
				4963685F2101F9B8003CE20B /* GitTutorialTests */,
				4963686A2101F9B8003CE20B /* GitTutorialUITests */,
				496368492101F9B7003CE20B /* Products */,
			);
			sourceTree = "<group>";
		};
		496368492101F9B7003CE20B /* Products */ = {
			isa = PBXGroup;
			children = (
				496368482101F9B7003CE20B /* GitTutorial.app */,
				4963685C2101F9B8003CE20B /* GitTutorialTests.xctest */,
				496368672101F9B8003CE20B /* GitTutorialUITests.xctest */,
			);
			name = Products;
			sourceTree = "<group>";
		};
		4963684A2101F9B7003CE20B /* GitTutorial */ = {
			isa = PBXGroup;
			children = (
				4963684B2101F9B7003CE20B /* AppDelegate.swift */,
				4963684D2101F9B7003CE20B /* ViewController.swift */,
				4963684F2101F9B7003CE20B /* Main.storyboard */,
				496368522101F9B7003CE20B /* Assets.xcassets */,
				496368542101F9B7003CE20B /* LaunchScreen.storyboard */,
				496368572101F9B7003CE20B /* Info.plist */,
			);
			path = GitTutorial;
			sourceTree = "<group>";
		};
		4963685F2101F9B8003CE20B /* GitTutorialTests */ = {
			isa = PBXGroup;
			children = (
				496368602101F9B8003CE20B /* GitTutorialTests.swift */,
				496368622101F9B8003CE20B /* Info.plist */,
			);
			path = GitTutorialTests;
			sourceTree = "<group>";
		};
		4963686A2101F9B8003CE20B /* GitTutorialUITests */ = {
			isa = PBXGroup;
			children = (
				4963686B2101F9B8003CE20B /* GitTutorialUITests.swift */,
				4963686D2101F9B8003CE20B /* Info.plist */,
			);
			path = GitTutorialUITests;
			sourceTree = "<group>";
		};
/* End PBXGroup section */

/* Begin PBXNativeTarget section */
		496368472101F9B7003CE20B /* GitTutorial */ = {
			isa = PBXNativeTarget;
			buildConfigurationList = 496368702101F9B8003CE20B /* Build configuration list for PBXNativeTarget "GitTutorial" */;
			buildPhases = (
				496368442101F9B7003CE20B /* Sources */,
				496368452101F9B7003CE20B /* Frameworks */,
				496368462101F9B7003CE20B /* Resources */,
			);
			buildRules = (
			);
			dependencies = (
			);
			name = GitTutorial;
			productName = GitTutorial;
			productReference = 496368482101F9B7003CE20B /* GitTutorial.app */;
			productType = "com.apple.product-type.application";
		};
		4963685B2101F9B8003CE20B /* GitTutorialTests */ = {
			isa = PBXNativeTarget;
			buildConfigurationList = 496368732101F9B8003CE20B /* Build configuration list for PBXNativeTarget "GitTutorialTests" */;
			buildPhases = (
				496368582101F9B8003CE20B /* Sources */,
				496368592101F9B8003CE20B /* Frameworks */,
				4963685A2101F9B8003CE20B /* Resources */,
			);
			buildRules = (
			);
			dependencies = (
				4963685E2101F9B8003CE20B /* PBXTargetDependency */,
			);
			name = GitTutorialTests;
			productName = GitTutorialTests;
			productReference = 4963685C2101F9B8003CE20B /* GitTutorialTests.xctest */;
			productType = "com.apple.product-type.bundle.unit-test";
		};
		496368662101F9B8003CE20B /* GitTutorialUITests */ = {
			isa = PBXNativeTarget;
			buildConfigurationList = 496368762101F9B8003CE20B /* Build configuration list for PBXNativeTarget "GitTutorialUITests" */;
			buildPhases = (
				496368632101F9B8003CE20B /* Sources */,
				496368642101F9B8003CE20B /* Frameworks */,
				496368652101F9B8003CE20B /* Resources */,
			);
			buildRules = (
			);
			dependencies = (
				496368692101F9B8003CE20B /* PBXTargetDependency */,
			);
			name = GitTutorialUITests;
			productName = GitTutorialUITests;
			productReference = 496368672101F9B8003CE20B /* GitTutorialUITests.xctest */;
			productType = "com.apple.product-type.bundle.ui-testing";
		};
/* End PBXNativeTarget section */

/* Begin PBXProject section */
		496368402101F9B7003CE20B /* Project object */ = {
			isa = PBXProject;
			attributes = {
				LastSwiftUpdateCheck = 0940;
				LastUpgradeCheck = 0940;
				ORGANIZATIONNAME = "Sweta Siddannawar";
				TargetAttributes = {
					496368472101F9B7003CE20B = {
						CreatedOnToolsVersion = 9.4.1;
					};
					4963685B2101F9B8003CE20B = {
						CreatedOnToolsVersion = 9.4.1;
						TestTargetID = 496368472101F9B7003CE20B;
					};
					496368662101F9B8003CE20B = {
						CreatedOnToolsVersion = 9.4.1;
						TestTargetID = 496368472101F9B7003CE20B;
					};
				};
			};
			buildConfigurationList = 496368432101F9B7003CE20B /* Build configuration list for PBXProject "GitTutorial" */;
			compatibilityVersion = "Xcode 9.3";
			developmentRegion = en;
			hasScannedForEncodings = 0;
			knownRegions = (
				en,
				Base,
			);
			mainGroup = 4963683F2101F9B7003CE20B;
			productRefGroup = 496368492101F9B7003CE20B /* Products */;
			projectDirPath = "";
			projectRoot = "";
			targets = (
				496368472101F9B7003CE20B /* GitTutorial */,
				4963685B2101F9B8003CE20B /* GitTutorialTests */,
				496368662101F9B8003CE20B /* GitTutorialUITests */,
			);
		};
/* End PBXProject section */

/* Begin PBXResourcesBuildPhase section */
		496368462101F9B7003CE20B /* Resources */ = {
			isa = PBXResourcesBuildPhase;
			buildActionMask = 2147483647;
			files = (
				496368562101F9B7003CE20B /* LaunchScreen.storyboard in Resources */,
				496368532101F9B7003CE20B /* Assets.xcassets in Resources */,
				496368512101F9B7003CE20B /* Main.storyboard in Resources */,
			);
			runOnlyForDeploymentPostprocessing = 0;
		};
		4963685A2101F9B8003CE20B /* Resources */ = {
			isa = PBXResourcesBuildPhase;
			buildActionMask = 2147483647;
			files = (
			);
			runOnlyForDeploymentPostprocessing = 0;
		};
		496368652101F9B8003CE20B /* Resources */ = {
			isa = PBXResourcesBuildPhase;
			buildActionMask = 2147483647;
			files = (
			);
			runOnlyForDeploymentPostprocessing = 0;
		};
/* End PBXResourcesBuildPhase section */

/* Begin PBXSourcesBuildPhase section */
		496368442101F9B7003CE20B /* Sources */ = {
			isa = PBXSourcesBuildPhase;
			buildActionMask = 2147483647;
			files = (
				4963684E2101F9B7003CE20B /* ViewController.swift in Sources */,
				4963684C2101F9B7003CE20B /* AppDelegate.swift in Sources */,
			);
			runOnlyForDeploymentPostprocessing = 0;
		};
		496368582101F9B8003CE20B /* Sources */ = {
			isa = PBXSourcesBuildPhase;
			buildActionMask = 2147483647;
			files = (
				496368612101F9B8003CE20B /* GitTutorialTests.swift in Sources */,
			);
			runOnlyForDeploymentPostprocessing = 0;
		};
		496368632101F9B8003CE20B /* Sources */ = {
			isa = PBXSourcesBuildPhase;
			buildActionMask = 2147483647;
			files = (
				4963686C2101F9B8003CE20B /* GitTutorialUITests.swift in Sources */,
			);
			runOnlyForDeploymentPostprocessing = 0;
		};
/* End PBXSourcesBuildPhase section */

/* Begin PBXTargetDependency section */
		4963685E2101F9B8003CE20B /* PBXTargetDependency */ = {
			isa = PBXTargetDependency;
			target = 496368472101F9B7003CE20B /* GitTutorial */;
			targetProxy = 4963685D2101F9B8003CE20B /* PBXContainerItemProxy */;
		};
		496368692101F9B8003CE20B /* PBXTargetDependency */ = {
			isa = PBXTargetDependency;
			target = 496368472101F9B7003CE20B /* GitTutorial */;
			targetProxy = 496368682101F9B8003CE20B /* PBXContainerItemProxy */;
		};
/* End PBXTargetDependency section */

/* Begin PBXVariantGroup section */
		4963684F2101F9B7003CE20B /* Main.storyboard */ = {
			isa = PBXVariantGroup;
			children = (
				496368502101F9B7003CE20B /* Base */,
			);
			name = Main.storyboard;
			sourceTree = "<group>";
		};
		496368542101F9B7003CE20B /* LaunchScreen.storyboard */ = {
			isa = PBXVariantGroup;
			children = (
				496368552101F9B7003CE20B /* Base */,
			);
			name = LaunchScreen.storyboard;
			sourceTree = "<group>";
		};
/* End PBXVariantGroup section */

/* Begin XCBuildConfiguration section */
		4963686E2101F9B8003CE20B /* Debug */ = {
			isa = XCBuildConfiguration;
			buildSettings = {
				ALWAYS_SEARCH_USER_PATHS = NO;
				CLANG_ANALYZER_NONNULL = YES;
				CLANG_ANALYZER_NUMBER_OBJECT_CONVERSION = YES_AGGRESSIVE;
				CLANG_CXX_LANGUAGE_STANDARD = "gnu++14";
				CLANG_CXX_LIBRARY = "libc++";
				CLANG_ENABLE_MODULES = YES;
				CLANG_ENABLE_OBJC_ARC = YES;
				CLANG_ENABLE_OBJC_WEAK = YES;
				CLANG_WARN_BLOCK_CAPTURE_AUTORELEASING = YES;
				CLANG_WARN_BOOL_CONVERSION = YES;
				CLANG_WARN_COMMA = YES;
				CLANG_WARN_CONSTANT_CONVERSION = YES;
				CLANG_WARN_DEPRECATED_OBJC_IMPLEMENTATIONS = YES;
				CLANG_WARN_DIRECT_OBJC_ISA_USAGE = YES_ERROR;
				CLANG_WARN_DOCUMENTATION_COMMENTS = YES;
				CLANG_WARN_EMPTY_BODY = YES;
				CLANG_WARN_ENUM_CONVERSION = YES;
				CLANG_WARN_INFINITE_RECURSION = YES;
				CLANG_WARN_INT_CONVERSION = YES;
				CLANG_WARN_NON_LITERAL_NULL_CONVERSION = YES;
				CLANG_WARN_OBJC_IMPLICIT_RETAIN_SELF = YES;
				CLANG_WARN_OBJC_LITERAL_CONVERSION = YES;
				CLANG_WARN_OBJC_ROOT_CLASS = YES_ERROR;
				CLANG_WARN_RANGE_LOOP_ANALYSIS = YES;
				CLANG_WARN_STRICT_PROTOTYPES = YES;
				CLANG_WARN_SUSPICIOUS_MOVE = YES;
				CLANG_WARN_UNGUARDED_AVAILABILITY = YES_AGGRESSIVE;
				CLANG_WARN_UNREACHABLE_CODE = YES;
				CLANG_WARN__DUPLICATE_METHOD_MATCH = YES;
				CODE_SIGN_IDENTITY = "iPhone Developer";
				COPY_PHASE_STRIP = NO;
				DEBUG_INFORMATION_FORMAT = dwarf;
				ENABLE_STRICT_OBJC_MSGSEND = YES;
				ENABLE_TESTABILITY = YES;
				GCC_C_LANGUAGE_STANDARD = gnu11;
				GCC_DYNAMIC_NO_PIC = NO;
				GCC_NO_COMMON_BLOCKS = YES;
				GCC_OPTIMIZATION_LEVEL = 0;
				GCC_PREPROCESSOR_DEFINITIONS = (
					"DEBUG=1",
					"$(inherited)",
				);
				GCC_WARN_64_TO_32_BIT_CONVERSION = YES;
				GCC_WARN_ABOUT_RETURN_TYPE = YES_ERROR;
				GCC_WARN_UNDECLARED_SELECTOR = YES;
				GCC_WARN_UNINITIALIZED_AUTOS = YES_AGGRESSIVE;
				GCC_WARN_UNUSED_FUNCTION = YES;
				GCC_WARN_UNUSED_VARIABLE = YES;
				IPHONEOS_DEPLOYMENT_TARGET = 11.4;
				MTL_ENABLE_DEBUG_INFO = YES;
				ONLY_ACTIVE_ARCH = YES;
				SDKROOT = iphoneos;
				SWIFT_ACTIVE_COMPILATION_CONDITIONS = DEBUG;
				SWIFT_OPTIMIZATION_LEVEL = "-Onone";
			};
			name = Debug;
		};
		4963686F2101F9B8003CE20B /* Release */ = {
			isa = XCBuildConfiguration;
			buildSettings = {
				ALWAYS_SEARCH_USER_PATHS = NO;
				CLANG_ANALYZER_NONNULL = YES;
				CLANG_ANALYZER_NUMBER_OBJECT_CONVERSION = YES_AGGRESSIVE;
				CLANG_CXX_LANGUAGE_STANDARD = "gnu++14";
				CLANG_CXX_LIBRARY = "libc++";
				CLANG_ENABLE_MODULES = YES;
				CLANG_ENABLE_OBJC_ARC = YES;
				CLANG_ENABLE_OBJC_WEAK = YES;
				CLANG_WARN_BLOCK_CAPTURE_AUTORELEASING = YES;
				CLANG_WARN_BOOL_CONVERSION = YES;
				CLANG_WARN_COMMA = YES;
				CLANG_WARN_CONSTANT_CONVERSION = YES;
				CLANG_WARN_DEPRECATED_OBJC_IMPLEMENTATIONS = YES;
				CLANG_WARN_DIRECT_OBJC_ISA_USAGE = YES_ERROR;
				CLANG_WARN_DOCUMENTATION_COMMENTS = YES;
				CLANG_WARN_EMPTY_BODY = YES;
				CLANG_WARN_ENUM_CONVERSION = YES;
				CLANG_WARN_INFINITE_RECURSION = YES;
				CLANG_WARN_INT_CONVERSION = YES;
				CLANG_WARN_NON_LITERAL_NULL_CONVERSION = YES;
				CLANG_WARN_OBJC_IMPLICIT_RETAIN_SELF = YES;
				CLANG_WARN_OBJC_LITERAL_CONVERSION = YES;
				CLANG_WARN_OBJC_ROOT_CLASS = YES_ERROR;
				CLANG_WARN_RANGE_LOOP_ANALYSIS = YES;
				CLANG_WARN_STRICT_PROTOTYPES = YES;
				CLANG_WARN_SUSPICIOUS_MOVE = YES;
				CLANG_WARN_UNGUARDED_AVAILABILITY = YES_AGGRESSIVE;
				CLANG_WARN_UNREACHABLE_CODE = YES;
				CLANG_WARN__DUPLICATE_METHOD_MATCH = YES;
				CODE_SIGN_IDENTITY = "iPhone Developer";
				COPY_PHASE_STRIP = NO;
				DEBUG_INFORMATION_FORMAT = "dwarf-with-dsym";
				ENABLE_NS_ASSERTIONS = NO;
				ENABLE_STRICT_OBJC_MSGSEND = YES;
				GCC_C_LANGUAGE_STANDARD = gnu11;
				GCC_NO_COMMON_BLOCKS = YES;
				GCC_WARN_64_TO_32_BIT_CONVERSION = YES;
				GCC_WARN_ABOUT_RETURN_TYPE = YES_ERROR;
				GCC_WARN_UNDECLARED_SELECTOR = YES;
				GCC_WARN_UNINITIALIZED_AUTOS = YES_AGGRESSIVE;
				GCC_WARN_UNUSED_FUNCTION = YES;
				GCC_WARN_UNUSED_VARIABLE = YES;
				IPHONEOS_DEPLOYMENT_TARGET = 11.4;
				MTL_ENABLE_DEBUG_INFO = NO;
				SDKROOT = iphoneos;
				SWIFT_COMPILATION_MODE = wholemodule;
				SWIFT_OPTIMIZATION_LEVEL = "-O";
				VALIDATE_PRODUCT = YES;
			};
			name = Release;
		};
		496368712101F9B8003CE20B /* Debug */ = {
			isa = XCBuildConfiguration;
			buildSettings = {
				ASSETCATALOG_COMPILER_APPICON_NAME = AppIcon;
				CODE_SIGN_STYLE = Automatic;
				DEVELOPMENT_TEAM = J8N8GGS7T8;
				INFOPLIST_FILE = GitTutorial/Info.plist;
				LD_RUNPATH_SEARCH_PATHS = (
					"$(inherited)",
					"@executable_path/Frameworks",
				);
				PRODUCT_BUNDLE_IDENTIFIER = com.MacMini2.GitTutorial;
				PRODUCT_NAME = "$(TARGET_NAME)";
				SWIFT_VERSION = 4.0;
				TARGETED_DEVICE_FAMILY = "1,2";
			};
			name = Debug;
		};
		496368722101F9B8003CE20B /* Release */ = {
			isa = XCBuildConfiguration;
			buildSettings = {
				ASSETCATALOG_COMPILER_APPICON_NAME = AppIcon;
				CODE_SIGN_STYLE = Automatic;
				DEVELOPMENT_TEAM = J8N8GGS7T8;
				INFOPLIST_FILE = GitTutorial/Info.plist;
				LD_RUNPATH_SEARCH_PATHS = (
					"$(inherited)",
					"@executable_path/Frameworks",
				);
				PRODUCT_BUNDLE_IDENTIFIER = com.MacMini2.GitTutorial;
				PRODUCT_NAME = "$(TARGET_NAME)";
				SWIFT_VERSION = 4.0;
				TARGETED_DEVICE_FAMILY = "1,2";
			};
			name = Release;
		};
		496368742101F9B8003CE20B /* Debug */ = {
			isa = XCBuildConfiguration;
			buildSettings = {
				ALWAYS_EMBED_SWIFT_STANDARD_LIBRARIES = YES;
				BUNDLE_LOADER = "$(TEST_HOST)";
				CODE_SIGN_STYLE = Automatic;
				DEVELOPMENT_TEAM = J8N8GGS7T8;
				INFOPLIST_FILE = GitTutorialTests/Info.plist;
				LD_RUNPATH_SEARCH_PATHS = (
					"$(inherited)",
					"@executable_path/Frameworks",
					"@loader_path/Frameworks",
				);
				PRODUCT_BUNDLE_IDENTIFIER = com.MacMini2.GitTutorialTests;
				PRODUCT_NAME = "$(TARGET_NAME)";
				SWIFT_VERSION = 4.0;
				TARGETED_DEVICE_FAMILY = "1,2";
				TEST_HOST = "$(BUILT_PRODUCTS_DIR)/GitTutorial.app/GitTutorial";
			};
			name = Debug;
		};
		496368752101F9B8003CE20B /* Release */ = {
			isa = XCBuildConfiguration;
			buildSettings = {
				ALWAYS_EMBED_SWIFT_STANDARD_LIBRARIES = YES;
				BUNDLE_LOADER = "$(TEST_HOST)";
				CODE_SIGN_STYLE = Automatic;
				DEVELOPMENT_TEAM = J8N8GGS7T8;
				INFOPLIST_FILE = GitTutorialTests/Info.plist;
				LD_RUNPATH_SEARCH_PATHS = (
					"$(inherited)",
					"@executable_path/Frameworks",
					"@loader_path/Frameworks",
				);
				PRODUCT_BUNDLE_IDENTIFIER = com.MacMini2.GitTutorialTests;
				PRODUCT_NAME = "$(TARGET_NAME)";
				SWIFT_VERSION = 4.0;
				TARGETED_DEVICE_FAMILY = "1,2";
				TEST_HOST = "$(BUILT_PRODUCTS_DIR)/GitTutorial.app/GitTutorial";
			};
			name = Release;
		};
		496368772101F9B8003CE20B /* Debug */ = {
			isa = XCBuildConfiguration;
			buildSettings = {
				ALWAYS_EMBED_SWIFT_STANDARD_LIBRARIES = YES;
				CODE_SIGN_STYLE = Automatic;
				DEVELOPMENT_TEAM = J8N8GGS7T8;
				INFOPLIST_FILE = GitTutorialUITests/Info.plist;
				LD_RUNPATH_SEARCH_PATHS = (
					"$(inherited)",
					"@executable_path/Frameworks",
					"@loader_path/Frameworks",
				);
				PRODUCT_BUNDLE_IDENTIFIER = com.MacMini2.GitTutorialUITests;
				PRODUCT_NAME = "$(TARGET_NAME)";
				SWIFT_VERSION = 4.0;
				TARGETED_DEVICE_FAMILY = "1,2";
				TEST_TARGET_NAME = GitTutorial;
			};
			name = Debug;
		};
		496368782101F9B8003CE20B /* Release */ = {
			isa = XCBuildConfiguration;
			buildSettings = {
				ALWAYS_EMBED_SWIFT_STANDARD_LIBRARIES = YES;
				CODE_SIGN_STYLE = Automatic;
				DEVELOPMENT_TEAM = J8N8GGS7T8;
				INFOPLIST_FILE = GitTutorialUITests/Info.plist;
				LD_RUNPATH_SEARCH_PATHS = (
					"$(inherited)",
					"@executable_path/Frameworks",
					"@loader_path/Frameworks",
				);
				PRODUCT_BUNDLE_IDENTIFIER = com.MacMini2.GitTutorialUITests;
				PRODUCT_NAME = "$(TARGET_NAME)";
				SWIFT_VERSION = 4.0;
				TARGETED_DEVICE_FAMILY = "1,2";
				TEST_TARGET_NAME = GitTutorial;
			};
			name = Release;
		};
/* End XCBuildConfiguration section */

/* Begin XCConfigurationList section */
		496368432101F9B7003CE20B /* Build configuration list for PBXProject "GitTutorial" */ = {
			isa = XCConfigurationList;
			buildConfigurations = (
				4963686E2101F9B8003CE20B /* Debug */,
				4963686F2101F9B8003CE20B /* Release */,
			);
			defaultConfigurationIsVisible = 0;
			defaultConfigurationName = Release;
		};
		496368702101F9B8003CE20B /* Build configuration list for PBXNativeTarget "GitTutorial" */ = {
			isa = XCConfigurationList;
			buildConfigurations = (
				496368712101F9B8003CE20B /* Debug */,
				496368722101F9B8003CE20B /* Release */,
			);
			defaultConfigurationIsVisible = 0;
			defaultConfigurationName = Release;
		};
		496368732101F9B8003CE20B /* Build configuration list for PBXNativeTarget "GitTutorialTests" */ = {
			isa = XCConfigurationList;
			buildConfigurations = (
				496368742101F9B8003CE20B /* Debug */,
				496368752101F9B8003CE20B /* Release */,
			);
			defaultConfigurationIsVisible = 0;
			defaultConfigurationName = Release;
		};
		496368762101F9B8003CE20B /* Build configuration list for PBXNativeTarget "GitTutorialUITests" */ = {
			isa = XCConfigurationList;
			buildConfigurations = (
				496368772101F9B8003CE20B /* Debug */,
				496368782101F9B8003CE20B /* Release */,
			);
			defaultConfigurationIsVisible = 0;
			defaultConfigurationName = Release;
		};
/* End XCConfigurationList section */
	};
	rootObject = 496368402101F9B7003CE20B /* Project object */;
}
